
Microsoft Visual Studio Solution File, Format Version 12.00
# Visual Studio 2012
Project("{FAE04EC0-301F-11D3-BF4B-00C04F79EFBC}") = "RaysHotdogsTest", "RaysHotdogsTest\RaysHotdogsTest.csproj", "{E085E353-D7D1-4895-AAE7-31EAB379085A}"
EndProject
Project("{FAE04EC0-301F-11D3-BF4B-00C04F79EFBC}") = "RaysHotdogsTest.UITests", "RaysHotdogsTest.UITests\RaysHotdogsTest.UITests.csproj", "{DE268BD5-A5BD-4526-8B5B-2216B5891331}"
EndProject
Global
	GlobalSection(SolutionConfigurationPlatforms) = preSolution
		Debug|iPhoneSimulator = Debug|iPhoneSimulator
		Release|iPhone = Release|iPhone
		Release|iPhoneSimulator = Release|iPhoneSimulator
		Debug|iPhone = Debug|iPhone
		Debug|Any CPU = Debug|Any CPU
		Release|Any CPU = Release|Any CPU
	EndGlobalSection
	GlobalSection(ProjectConfigurationPlatforms) = postSolution
		{DE268BD5-A5BD-4526-8B5B-2216B5891331}.Debug|Any CPU.ActiveCfg = Debug|Any CPU
		{DE268BD5-A5BD-4526-8B5B-2216B5891331}.Debug|Any CPU.Build.0 = Debug|Any CPU
		{DE268BD5-A5BD-4526-8B5B-2216B5891331}.Debug|iPhone.ActiveCfg = Debug|Any CPU
		{DE268BD5-A5BD-4526-8B5B-2216B5891331}.Debug|iPhone.Build.0 = Debug|Any CPU
		{DE268BD5-A5BD-4526-8B5B-2216B5891331}.Debug|iPhoneSimulator.ActiveCfg = Debug|Any CPU
		{DE268BD5-A5BD-4526-8B5B-2216B5891331}.Debug|iPhoneSimulator.Build.0 = Debug|Any CPU
		{DE268BD5-A5BD-4526-8B5B-2216B5891331}.Release|Any CPU.ActiveCfg = Release|Any CPU
		{DE268BD5-A5BD-4526-8B5B-2216B5891331}.Release|Any CPU.Build.0 = Release|Any CPU
		{DE268BD5-A5BD-4526-8B5B-2216B5891331}.Release|iPhone.ActiveCfg = Release|Any CPU
		{DE268BD5-A5BD-4526-8B5B-2216B5891331}.Release|iPhone.Build.0 = Release|Any CPU
		{DE268BD5-A5BD-4526-8B5B-2216B5891331}.Release|iPhoneSimulator.ActiveCfg = Release|Any CPU
		{DE268BD5-A5BD-4526-8B5B-2216B5891331}.Release|iPhoneSimulator.Build.0 = Release|Any CPU
		{E085E353-D7D1-4895-AAE7-31EAB379085A}.Debug|Any CPU.ActiveCfg = Debug|iPhoneSimulator
		{E085E353-D7D1-4895-AAE7-31EAB379085A}.Debug|Any CPU.Build.0 = Debug|iPhoneSimulator
		{E085E353-D7D1-4895-AAE7-31EAB379085A}.Debug|iPhone.ActiveCfg = Debug|iPhone
		{E085E353-D7D1-4895-AAE7-31EAB379085A}.Debug|iPhone.Build.0 = Debug|iPhone
		{E085E353-D7D1-4895-AAE7-31EAB379085A}.Debug|iPhoneSimulator.ActiveCfg = Debug|iPhoneSimulator
		{E085E353-D7D1-4895-AAE7-31EAB379085A}.Debug|iPhoneSimulator.Build.0 = Debug|iPhoneSimulator
		{E085E353-D7D1-4895-AAE7-31EAB379085A}.Release|Any CPU.ActiveCfg = Release|iPhone
		{E085E353-D7D1-4895-AAE7-31EAB379085A}.Release|Any CPU.Build.0 = Release|iPhone
		{E085E353-D7D1-4895-AAE7-31EAB379085A}.Release|iPhone.ActiveCfg = Release|iPhone
		{E085E353-D7D1-4895-AAE7-31EAB379085A}.Release|iPhone.Build.0 = Release|iPhone
		{E085E353-D7D1-4895-AAE7-31EAB379085A}.Release|iPhoneSimulator.ActiveCfg = Release|iPhoneSimulator
		{E085E353-D7D1-4895-AAE7-31EAB379085A}.Release|iPhoneSimulator.Build.0 = Release|iPhoneSimulator
	EndGlobalSection
EndGlobal
